
Microsoft Visual Studio Solution File, Format Version 12.00
# Visual Studio 15
Project("{FAE04EC0-301F-11D3-BF4B-00C04F79EFBC}") = "ToonyColorsPro2.Demo", "ToonyColorsPro2.Demo.csproj", "{0207631E-4090-3522-4D7E-67EE501248E6}"
EndProject
Project("{FAE04EC0-301F-11D3-BF4B-00C04F79EFBC}") = "Assembly-CSharp", "Assembly-CSharp.csproj", "{861C9F5B-A9D4-F073-C14D-0F591AA538CC}"
EndProject
Project("{FAE04EC0-301F-11D3-BF4B-00C04F79EFBC}") = "ToonyColorsPro.Runtime", "ToonyColorsPro.Runtime.csproj", "{552AEB2B-8B7F-6F1A-32F8-69BE87BD5F52}"
EndProject
Project("{FAE04EC0-301F-11D3-BF4B-00C04F79EFBC}") = "ToonyColorsPro.Editor", "ToonyColorsPro.Editor.csproj", "{075054CA-C3D9-0F03-9617-152077A7D0FE}"
EndProject
Project("{FAE04EC0-301F-11D3-BF4B-00C04F79EFBC}") = "ToonyColorsPro.Demo.Editor", "ToonyColorsPro.Demo.Editor.csproj", "{0FBC9A30-B9A4-9C77-04B0-DA1A5D502FD5}"
EndProject
Global
	GlobalSection(SolutionConfigurationPlatforms) = preSolution
		Debug|Any CPU = Debug|Any CPU
		Release|Any CPU = Release|Any CPU
	EndGlobalSection
	GlobalSection(ProjectConfigurationPlatforms) = postSolution
		{0207631E-4090-3522-4D7E-67EE501248E6}.Debug|Any CPU.ActiveCfg = Debug|Any CPU
		{0207631E-4090-3522-4D7E-67EE501248E6}.Debug|Any CPU.Build.0 = Debug|Any CPU
		{0207631E-4090-3522-4D7E-67EE501248E6}.Release|Any CPU.ActiveCfg = Release|Any CPU
		{0207631E-4090-3522-4D7E-67EE501248E6}.Release|Any CPU.Build.0 = Release|Any CPU
		{861C9F5B-A9D4-F073-C14D-0F591AA538CC}.Debug|Any CPU.ActiveCfg = Debug|Any CPU
		{861C9F5B-A9D4-F073-C14D-0F591AA538CC}.Debug|Any CPU.Build.0 = Debug|Any CPU
		{861C9F5B-A9D4-F073-C14D-0F591AA538CC}.Release|Any CPU.ActiveCfg = Release|Any CPU
		{861C9F5B-A9D4-F073-C14D-0F591AA538CC}.Release|Any CPU.Build.0 = Release|Any CPU
		{552AEB2B-8B7F-6F1A-32F8-69BE87BD5F52}.Debug|Any CPU.ActiveCfg = Debug|Any CPU
		{552AEB2B-8B7F-6F1A-32F8-69BE87BD5F52}.Debug|Any CPU.Build.0 = Debug|Any CPU
		{552AEB2B-8B7F-6F1A-32F8-69BE87BD5F52}.Release|Any CPU.ActiveCfg = Release|Any CPU
		{552AEB2B-8B7F-6F1A-32F8-69BE87BD5F52}.Release|Any CPU.Build.0 = Release|Any CPU
		{075054CA-C3D9-0F03-9617-152077A7D0FE}.Debug|Any CPU.ActiveCfg = Debug|Any CPU
		{075054CA-C3D9-0F03-9617-152077A7D0FE}.Debug|Any CPU.Build.0 = Debug|Any CPU
		{075054CA-C3D9-0F03-9617-152077A7D0FE}.Release|Any CPU.ActiveCfg = Release|Any CPU
		{075054CA-C3D9-0F03-9617-152077A7D0FE}.Release|Any CPU.Build.0 = Release|Any CPU
		{0FBC9A30-B9A4-9C77-04B0-DA1A5D502FD5}.Debug|Any CPU.ActiveCfg = Debug|Any CPU
		{0FBC9A30-B9A4-9C77-04B0-DA1A5D502FD5}.Debug|Any CPU.Build.0 = Debug|Any CPU
		{0FBC9A30-B9A4-9C77-04B0-DA1A5D502FD5}.Release|Any CPU.ActiveCfg = Release|Any CPU
		{0FBC9A30-B9A4-9C77-04B0-DA1A5D502FD5}.Release|Any CPU.Build.0 = Release|Any CPU
	EndGlobalSection
	GlobalSection(SolutionProperties) = preSolution
		HideSolutionNode = FALSE
	EndGlobalSection
EndGlobal
